// !$*UTF8*$!
{
	archiveVersion = 1;
	classes = {
	};
	objectVersion = 55;
	objects = {

/* Begin PBXBuildFile section */
		F00E122C27B19B1500D0F7CA /* Tests_iOS.swift in Sources */ = {isa = PBXBuildFile; fileRef = F00E122B27B19B1500D0F7CA /* Tests_iOS.swift */; };
		F00E122E27B19B1500D0F7CA /* Tests_iOSLaunchTests.swift in Sources */ = {isa = PBXBuildFile; fileRef = F00E122D27B19B1500D0F7CA /* Tests_iOSLaunchTests.swift */; };
		F00E123827B19B1500D0F7CA /* Tests_macOS.swift in Sources */ = {isa = PBXBuildFile; fileRef = F00E123727B19B1500D0F7CA /* Tests_macOS.swift */; };
		F00E123A27B19B1500D0F7CA /* Tests_macOSLaunchTests.swift in Sources */ = {isa = PBXBuildFile; fileRef = F00E123927B19B1500D0F7CA /* Tests_macOSLaunchTests.swift */; };
		F00E123B27B19B1500D0F7CA /* BarChart.xcdatamodeld in Sources */ = {isa = PBXBuildFile; fileRef = F00E121027B19B1200D0F7CA /* BarChart.xcdatamodeld */; };
		F00E123C27B19B1500D0F7CA /* BarChart.xcdatamodeld in Sources */ = {isa = PBXBuildFile; fileRef = F00E121027B19B1200D0F7CA /* BarChart.xcdatamodeld */; };
		F00E123D27B19B1500D0F7CA /* BarChartApp.swift in Sources */ = {isa = PBXBuildFile; fileRef = F00E121227B19B1200D0F7CA /* BarChartApp.swift */; };
		F00E123E27B19B1500D0F7CA /* BarChartApp.swift in Sources */ = {isa = PBXBuildFile; fileRef = F00E121227B19B1200D0F7CA /* BarChartApp.swift */; };
		F00E123F27B19B1500D0F7CA /* ContentView.swift in Sources */ = {isa = PBXBuildFile; fileRef = F00E121327B19B1200D0F7CA /* ContentView.swift */; };
		F00E124027B19B1500D0F7CA /* ContentView.swift in Sources */ = {isa = PBXBuildFile; fileRef = F00E121327B19B1200D0F7CA /* ContentView.swift */; };
		F00E124127B19B1500D0F7CA /* Persistence.swift in Sources */ = {isa = PBXBuildFile; fileRef = F00E121427B19B1200D0F7CA /* Persistence.swift */; };
		F00E124227B19B1500D0F7CA /* Persistence.swift in Sources */ = {isa = PBXBuildFile; fileRef = F00E121427B19B1200D0F7CA /* Persistence.swift */; };
		F00E124327B19B1500D0F7CA /* Assets.xcassets in Resources */ = {isa = PBXBuildFile; fileRef = F00E121527B19B1500D0F7CA /* Assets.xcassets */; };
		F00E124427B19B1500D0F7CA /* Assets.xcassets in Resources */ = {isa = PBXBuildFile; fileRef = F00E121527B19B1500D0F7CA /* Assets.xcassets */; };
/* End PBXBuildFile section */

/* Begin PBXContainerItemProxy section */
		F00E122827B19B1500D0F7CA /* PBXContainerItemProxy */ = {
			isa = PBXContainerItemProxy;
			containerPortal = F00E120B27B19B1200D0F7CA /* Project object */;
			proxyType = 1;
			remoteGlobalIDString = F00E121927B19B1500D0F7CA;
			remoteInfo = "BarChart (iOS)";
		};
		F00E123427B19B1500D0F7CA /* PBXContainerItemProxy */ = {
			isa = PBXContainerItemProxy;
			containerPortal = F00E120B27B19B1200D0F7CA /* Project object */;
			proxyType = 1;
			remoteGlobalIDString = F00E121F27B19B1500D0F7CA;
			remoteInfo = "BarChart (macOS)";
		};
/* End PBXContainerItemProxy section */

/* Begin PBXFileReference section */
		F00E121127B19B1200D0F7CA /* Shared.xcdatamodel */ = {isa = PBXFileReference; lastKnownFileType = wrapper.xcdatamodel; path = Shared.xcdatamodel; sourceTree = "<group>"; };
		F00E121227B19B1200D0F7CA /* BarChartApp.swift */ = {isa = PBXFileReference; lastKnownFileType = sourcecode.swift; path = BarChartApp.swift; sourceTree = "<group>"; };
		F00E121327B19B1200D0F7CA /* ContentView.swift */ = {isa = PBXFileReference; lastKnownFileType = sourcecode.swift; path = ContentView.swift; sourceTree = "<group>"; };
		F00E121427B19B1200D0F7CA /* Persistence.swift */ = {isa = PBXFileReference; lastKnownFileType = sourcecode.swift; path = Persistence.swift; sourceTree = "<group>"; };
		F00E121527B19B1500D0F7CA /* Assets.xcassets */ = {isa = PBXFileReference; lastKnownFileType = folder.assetcatalog; path = Assets.xcassets; sourceTree = "<group>"; };
		F00E121A27B19B1500D0F7CA /* BarChart.app */ = {isa = PBXFileReference; explicitFileType = wrapper.application; includeInIndex = 0; path = BarChart.app; sourceTree = BUILT_PRODUCTS_DIR; };
		F00E122027B19B1500D0F7CA /* BarChart.app */ = {isa = PBXFileReference; explicitFileType = wrapper.application; includeInIndex = 0; path = BarChart.app; sourceTree = BUILT_PRODUCTS_DIR; };
		F00E122227B19B1500D0F7CA /* macOS.entitlements */ = {isa = PBXFileReference; lastKnownFileType = text.plist.entitlements; path = macOS.entitlements; sourceTree = "<group>"; };
		F00E122727B19B1500D0F7CA /* Tests iOS.xctest */ = {isa = PBXFileReference; explicitFileType = wrapper.cfbundle; includeInIndex = 0; path = "Tests iOS.xctest"; sourceTree = BUILT_PRODUCTS_DIR; };
		F00E122B27B19B1500D0F7CA /* Tests_iOS.swift */ = {isa = PBXFileReference; lastKnownFileType = sourcecode.swift; path = Tests_iOS.swift; sourceTree = "<group>"; };
		F00E122D27B19B1500D0F7CA /* Tests_iOSLaunchTests.swift */ = {isa = PBXFileReference; lastKnownFileType = sourcecode.swift; path = Tests_iOSLaunchTests.swift; sourceTree = "<group>"; };
		F00E123327B19B1500D0F7CA /* Tests macOS.xctest */ = {isa = PBXFileReference; explicitFileType = wrapper.cfbundle; includeInIndex = 0; path = "Tests macOS.xctest"; sourceTree = BUILT_PRODUCTS_DIR; };
		F00E123727B19B1500D0F7CA /* Tests_macOS.swift */ = {isa = PBXFileReference; lastKnownFileType = sourcecode.swift; path = Tests_macOS.swift; sourceTree = "<group>"; };
		F00E123927B19B1500D0F7CA /* Tests_macOSLaunchTests.swift */ = {isa = PBXFileReference; lastKnownFileType = sourcecode.swift; path = Tests_macOSLaunchTests.swift; sourceTree = "<group>"; };
/* End PBXFileReference section */

/* Begin PBXFrameworksBuildPhase section */
		F00E121727B19B1500D0F7CA /* Frameworks */ = {
			isa = PBXFrameworksBuildPhase;
			buildActionMask = 2147483647;
			files = (
			);
			runOnlyForDeploymentPostprocessing = 0;
		};
		F00E121D27B19B1500D0F7CA /* Frameworks */ = {
			isa = PBXFrameworksBuildPhase;
			buildActionMask = 2147483647;
			files = (
			);
			runOnlyForDeploymentPostprocessing = 0;
		};
		F00E122427B19B1500D0F7CA /* Frameworks */ = {
			isa = PBXFrameworksBuildPhase;
			buildActionMask = 2147483647;
			files = (
			);
			runOnlyForDeploymentPostprocessing = 0;
		};
		F00E123027B19B1500D0F7CA /* Frameworks */ = {
			isa = PBXFrameworksBuildPhase;
			buildActionMask = 2147483647;
			files = (
			);
			runOnlyForDeploymentPostprocessing = 0;
		};
/* End PBXFrameworksBuildPhase section */

/* Begin PBXGroup section */
		F00E120A27B19B1200D0F7CA = {
			isa = PBXGroup;
			children = (
				F00E120F27B19B1200D0F7CA /* Shared */,
				F00E122127B19B1500D0F7CA /* macOS */,
				F00E122A27B19B1500D0F7CA /* Tests iOS */,
				F00E123627B19B1500D0F7CA /* Tests macOS */,
				F00E121B27B19B1500D0F7CA /* Products */,
			);
			sourceTree = "<group>";
		};
		F00E120F27B19B1200D0F7CA /* Shared */ = {
			isa = PBXGroup;
			children = (
				F00E121227B19B1200D0F7CA /* BarChartApp.swift */,
				F00E121327B19B1200D0F7CA /* ContentView.swift */,
				F00E121427B19B1200D0F7CA /* Persistence.swift */,
				F00E121527B19B1500D0F7CA /* Assets.xcassets */,
				F00E121027B19B1200D0F7CA /* BarChart.xcdatamodeld */,
			);
			path = Shared;
			sourceTree = "<group>";
		};
		F00E121B27B19B1500D0F7CA /* Products */ = {
			isa = PBXGroup;
			children = (
				F00E121A27B19B1500D0F7CA /* BarChart.app */,
				F00E122027B19B1500D0F7CA /* BarChart.app */,
				F00E122727B19B1500D0F7CA /* Tests iOS.xctest */,
				F00E123327B19B1500D0F7CA /* Tests macOS.xctest */,
			);
			name = Products;
			sourceTree = "<group>";
		};
		F00E122127B19B1500D0F7CA /* macOS */ = {
			isa = PBXGroup;
			children = (
				F00E122227B19B1500D0F7CA /* macOS.entitlements */,
			);
			path = macOS;
			sourceTree = "<group>";
		};
		F00E122A27B19B1500D0F7CA /* Tests iOS */ = {
			isa = PBXGroup;
			children = (
				F00E122B27B19B1500D0F7CA /* Tests_iOS.swift */,
				F00E122D27B19B1500D0F7CA /* Tests_iOSLaunchTests.swift */,
			);
			path = "Tests iOS";
			sourceTree = "<group>";
		};
		F00E123627B19B1500D0F7CA /* Tests macOS */ = {
			isa = PBXGroup;
			children = (
				F00E123727B19B1500D0F7CA /* Tests_macOS.swift */,
				F00E123927B19B1500D0F7CA /* Tests_macOSLaunchTests.swift */,
			);
			path = "Tests macOS";
			sourceTree = "<group>";
		};
/* End PBXGroup section */

/* Begin PBXNativeTarget section */
		F00E121927B19B1500D0F7CA /* BarChart (iOS) */ = {
			isa = PBXNativeTarget;
			buildConfigurationList = F00E124727B19B1500D0F7CA /* Build configuration list for PBXNativeTarget "BarChart (iOS)" */;
			buildPhases = (
				F00E121627B19B1500D0F7CA /* Sources */,
				F00E121727B19B1500D0F7CA /* Frameworks */,
				F00E121827B19B1500D0F7CA /* Resources */,
			);
			buildRules = (
			);
			dependencies = (
			);
			name = "BarChart (iOS)";
			productName = "BarChart (iOS)";
			productReference = F00E121A27B19B1500D0F7CA /* BarChart.app */;
			productType = "com.apple.product-type.application";
		};
		F00E121F27B19B1500D0F7CA /* BarChart (macOS) */ = {
			isa = PBXNativeTarget;
			buildConfigurationList = F00E124A27B19B1500D0F7CA /* Build configuration list for PBXNativeTarget "BarChart (macOS)" */;
			buildPhases = (
				F00E121C27B19B1500D0F7CA /* Sources */,
				F00E121D27B19B1500D0F7CA /* Frameworks */,
				F00E121E27B19B1500D0F7CA /* Resources */,
			);
			buildRules = (
			);
			dependencies = (
			);
			name = "BarChart (macOS)";
			productName = "BarChart (macOS)";
			productReference = F00E122027B19B1500D0F7CA /* BarChart.app */;
			productType = "com.apple.product-type.application";
		};
		F00E122627B19B1500D0F7CA /* Tests iOS */ = {
			isa = PBXNativeTarget;
			buildConfigurationList = F00E124D27B19B1500D0F7CA /* Build configuration list for PBXNativeTarget "Tests iOS" */;
			buildPhases = (
				F00E122327B19B1500D0F7CA /* Sources */,
				F00E122427B19B1500D0F7CA /* Frameworks */,
				F00E122527B19B1500D0F7CA /* Resources */,
			);
			buildRules = (
			);
			dependencies = (
				F00E122927B19B1500D0F7CA /* PBXTargetDependency */,
			);
			name = "Tests iOS";
			productName = "Tests iOS";
			productReference = F00E122727B19B1500D0F7CA /* Tests iOS.xctest */;
			productType = "com.apple.product-type.bundle.ui-testing";
		};
		F00E123227B19B1500D0F7CA /* Tests macOS */ = {
			isa = PBXNativeTarget;
			buildConfigurationList = F00E125027B19B1500D0F7CA /* Build configuration list for PBXNativeTarget "Tests macOS" */;
			buildPhases = (
				F00E122F27B19B1500D0F7CA /* Sources */,
				F00E123027B19B1500D0F7CA /* Frameworks */,
				F00E123127B19B1500D0F7CA /* Resources */,
			);
			buildRules = (
			);
			dependencies = (
				F00E123527B19B1500D0F7CA /* PBXTargetDependency */,
			);
			name = "Tests macOS";
			productName = "Tests macOS";
			productReference = F00E123327B19B1500D0F7CA /* Tests macOS.xctest */;
			productType = "com.apple.product-type.bundle.ui-testing";
		};
/* End PBXNativeTarget section */

/* Begin PBXProject section */
		F00E120B27B19B1200D0F7CA /* Project object */ = {
			isa = PBXProject;
			attributes = {
				BuildIndependentTargetsInParallel = 1;
				LastSwiftUpdateCheck = 1320;
				LastUpgradeCheck = 1320;
				TargetAttributes = {
					F00E121927B19B1500D0F7CA = {
						CreatedOnToolsVersion = 13.2.1;
					};
					F00E121F27B19B1500D0F7CA = {
						CreatedOnToolsVersion = 13.2.1;
					};
					F00E122627B19B1500D0F7CA = {
						CreatedOnToolsVersion = 13.2.1;
						TestTargetID = F00E121927B19B1500D0F7CA;
					};
					F00E123227B19B1500D0F7CA = {
						CreatedOnToolsVersion = 13.2.1;
						TestTargetID = F00E121F27B19B1500D0F7CA;
					};
				};
			};
			buildConfigurationList = F00E120E27B19B1200D0F7CA /* Build configuration list for PBXProject "BarChart" */;
			compatibilityVersion = "Xcode 13.0";
			developmentRegion = en;
			hasScannedForEncodings = 0;
			knownRegions = (
				en,
				Base,
			);
			mainGroup = F00E120A27B19B1200D0F7CA;
			productRefGroup = F00E121B27B19B1500D0F7CA /* Products */;
			projectDirPath = "";
			projectRoot = "";
			targets = (
				F00E121927B19B1500D0F7CA /* BarChart (iOS) */,
				F00E121F27B19B1500D0F7CA /* BarChart (macOS) */,
				F00E122627B19B1500D0F7CA /* Tests iOS */,
				F00E123227B19B1500D0F7CA /* Tests macOS */,
			);
		};
/* End PBXProject section */

/* Begin PBXResourcesBuildPhase section */
		F00E121827B19B1500D0F7CA /* Resources */ = {
			isa = PBXResourcesBuildPhase;
			buildActionMask = 2147483647;
			files = (
				F00E124327B19B1500D0F7CA /* Assets.xcassets in Resources */,
			);
			runOnlyForDeploymentPostprocessing = 0;
		};
		F00E121E27B19B1500D0F7CA /* Resources */ = {
			isa = PBXResourcesBuildPhase;
			buildActionMask = 2147483647;
			files = (
				F00E124427B19B1500D0F7CA /* Assets.xcassets in Resources */,
			);
			runOnlyForDeploymentPostprocessing = 0;
		};
		F00E122527B19B1500D0F7CA /* Resources */ = {
			isa = PBXResourcesBuildPhase;
			buildActionMask = 2147483647;
			files = (
			);
			runOnlyForDeploymentPostprocessing = 0;
		};
		F00E123127B19B1500D0F7CA /* Resources */ = {
			isa = PBXResourcesBuildPhase;
			buildActionMask = 2147483647;
			files = (
			);
			runOnlyForDeploymentPostprocessing = 0;
		};
/* End PBXResourcesBuildPhase section */

/* Begin PBXSourcesBuildPhase section */
		F00E121627B19B1500D0F7CA /* Sources */ = {
			isa = PBXSourcesBuildPhase;
			buildActionMask = 2147483647;
			files = (
				F00E123D27B19B1500D0F7CA /* BarChartApp.swift in Sources */,
				F00E124127B19B1500D0F7CA /* Persistence.swift in Sources */,
				F00E123B27B19B1500D0F7CA /* BarChart.xcdatamodeld in Sources */,
				F00E123F27B19B1500D0F7CA /* ContentView.swift in Sources */,
			);
			runOnlyForDeploymentPostprocessing = 0;
		};
		F00E121C27B19B1500D0F7CA /* Sources */ = {
			isa = PBXSourcesBuildPhase;
			buildActionMask = 2147483647;
			files = (
				F00E123E27B19B1500D0F7CA /* BarChartApp.swift in Sources */,
				F00E124227B19B1500D0F7CA /* Persistence.swift in Sources */,
				F00E123C27B19B1500D0F7CA /* BarChart.xcdatamodeld in Sources */,
				F00E124027B19B1500D0F7CA /* ContentView.swift in Sources */,
			);
			runOnlyForDeploymentPostprocessing = 0;
		};
		F00E122327B19B1500D0F7CA /* Sources */ = {
			isa = PBXSourcesBuildPhase;
			buildActionMask = 2147483647;
			files = (
				F00E122E27B19B1500D0F7CA /* Tests_iOSLaunchTests.swift in Sources */,
				F00E122C27B19B1500D0F7CA /* Tests_iOS.swift in Sources */,
			);
			runOnlyForDeploymentPostprocessing = 0;
		};
		F00E122F27B19B1500D0F7CA /* Sources */ = {
			isa = PBXSourcesBuildPhase;
			buildActionMask = 2147483647;
			files = (
				F00E123A27B19B1500D0F7CA /* Tests_macOSLaunchTests.swift in Sources */,
				F00E123827B19B1500D0F7CA /* Tests_macOS.swift in Sources */,
			);
			runOnlyForDeploymentPostprocessing = 0;
		};
/* End PBXSourcesBuildPhase section */

/* Begin PBXTargetDependency section */
		F00E122927B19B1500D0F7CA /* PBXTargetDependency */ = {
			isa = PBXTargetDependency;
			target = F00E121927B19B1500D0F7CA /* BarChart (iOS) */;
			targetProxy = F00E122827B19B1500D0F7CA /* PBXContainerItemProxy */;
		};
		F00E123527B19B1500D0F7CA /* PBXTargetDependency */ = {
			isa = PBXTargetDependency;
			target = F00E121F27B19B1500D0F7CA /* BarChart (macOS) */;
			targetProxy = F00E123427B19B1500D0F7CA /* PBXContainerItemProxy */;
		};
/* End PBXTargetDependency section */

/* Begin XCBuildConfiguration section */
		F00E124527B19B1500D0F7CA /* Debug */ = {
			isa = XCBuildConfiguration;
			buildSettings = {
				ALWAYS_SEARCH_USER_PATHS = NO;
				CLANG_ANALYZER_NONNULL = YES;
				CLANG_ANALYZER_NUMBER_OBJECT_CONVERSION = YES_AGGRESSIVE;
				CLANG_CXX_LANGUAGE_STANDARD = "gnu++17";
				CLANG_CXX_LIBRARY = "libc++";
				CLANG_ENABLE_MODULES = YES;
				CLANG_ENABLE_OBJC_ARC = YES;
				CLANG_ENABLE_OBJC_WEAK = YES;
				CLANG_WARN_BLOCK_CAPTURE_AUTORELEASING = YES;
				CLANG_WARN_BOOL_CONVERSION = YES;
				CLANG_WARN_COMMA = YES;
				CLANG_WARN_CONSTANT_CONVERSION = YES;
				CLANG_WARN_DEPRECATED_OBJC_IMPLEMENTATIONS = YES;
				CLANG_WARN_DIRECT_OBJC_ISA_USAGE = YES_ERROR;
				CLANG_WARN_DOCUMENTATION_COMMENTS = YES;
				CLANG_WARN_EMPTY_BODY = YES;
				CLANG_WARN_ENUM_CONVERSION = YES;
				CLANG_WARN_INFINITE_RECURSION = YES;
				CLANG_WARN_INT_CONVERSION = YES;
				CLANG_WARN_NON_LITERAL_NULL_CONVERSION = YES;
				CLANG_WARN_OBJC_IMPLICIT_RETAIN_SELF = YES;
				CLANG_WARN_OBJC_LITERAL_CONVERSION = YES;
				CLANG_WARN_OBJC_ROOT_CLASS = YES_ERROR;
				CLANG_WARN_QUOTED_INCLUDE_IN_FRAMEWORK_HEADER = YES;
				CLANG_WARN_RANGE_LOOP_ANALYSIS = YES;
				CLANG_WARN_STRICT_PROTOTYPES = YES;
				CLANG_WARN_SUSPICIOUS_MOVE = YES;
				CLANG_WARN_UNGUARDED_AVAILABILITY = YES_AGGRESSIVE;
				CLANG_WARN_UNREACHABLE_CODE = YES;
				CLANG_WARN__DUPLICATE_METHOD_MATCH = YES;
				COPY_PHASE_STRIP = NO;
				DEBUG_INFORMATION_FORMAT = dwarf;
				ENABLE_STRICT_OBJC_MSGSEND = YES;
				ENABLE_TESTABILITY = YES;
				GCC_C_LANGUAGE_STANDARD = gnu11;
				GCC_DYNAMIC_NO_PIC = NO;
				GCC_NO_COMMON_BLOCKS = YES;
				GCC_OPTIMIZATION_LEVEL = 0;
				GCC_PREPROCESSOR_DEFINITIONS = (
					"DEBUG=1",
					"$(inherited)",
				);
				GCC_WARN_64_TO_32_BIT_CONVERSION = YES;
				GCC_WARN_ABOUT_RETURN_TYPE = YES_ERROR;
				GCC_WARN_UNDECLARED_SELECTOR = YES;
				GCC_WARN_UNINITIALIZED_AUTOS = YES_AGGRESSIVE;
				GCC_WARN_UNUSED_FUNCTION = YES;
				GCC_WARN_UNUSED_VARIABLE = YES;
				MTL_ENABLE_DEBUG_INFO = INCLUDE_SOURCE;
				MTL_FAST_MATH = YES;
				ONLY_ACTIVE_ARCH = YES;
				SWIFT_ACTIVE_COMPILATION_CONDITIONS = DEBUG;
				SWIFT_OPTIMIZATION_LEVEL = "-Onone";
			};
			name = Debug;
		};
		F00E124627B19B1500D0F7CA /* Release */ = {
			isa = XCBuildConfiguration;
			buildSettings = {
				ALWAYS_SEARCH_USER_PATHS = NO;
				CLANG_ANALYZER_NONNULL = YES;
				CLANG_ANALYZER_NUMBER_OBJECT_CONVERSION = YES_AGGRESSIVE;
				CLANG_CXX_LANGUAGE_STANDARD = "gnu++17";
				CLANG_CXX_LIBRARY = "libc++";
				CLANG_ENABLE_MODULES = YES;
				CLANG_ENABLE_OBJC_ARC = YES;
				CLANG_ENABLE_OBJC_WEAK = YES;
				CLANG_WARN_BLOCK_CAPTURE_AUTORELEASING = YES;
				CLANG_WARN_BOOL_CONVERSION = YES;
				CLANG_WARN_COMMA = YES;
				CLANG_WARN_CONSTANT_CONVERSION = YES;
				CLANG_WARN_DEPRECATED_OBJC_IMPLEMENTATIONS = YES;
				CLANG_WARN_DIRECT_OBJC_ISA_USAGE = YES_ERROR;
				CLANG_WARN_DOCUMENTATION_COMMENTS = YES;
				CLANG_WARN_EMPTY_BODY = YES;
				CLANG_WARN_ENUM_CONVERSION = YES;
				CLANG_WARN_INFINITE_RECURSION = YES;
				CLANG_WARN_INT_CONVERSION = YES;
				CLANG_WARN_NON_LITERAL_NULL_CONVERSION = YES;
				CLANG_WARN_OBJC_IMPLICIT_RETAIN_SELF = YES;
				CLANG_WARN_OBJC_LITERAL_CONVERSION = YES;
				CLANG_WARN_OBJC_ROOT_CLASS = YES_ERROR;
				CLANG_WARN_QUOTED_INCLUDE_IN_FRAMEWORK_HEADER = YES;
				CLANG_WARN_RANGE_LOOP_ANALYSIS = YES;
				CLANG_WARN_STRICT_PROTOTYPES = YES;
				CLANG_WARN_SUSPICIOUS_MOVE = YES;
				CLANG_WARN_UNGUARDED_AVAILABILITY = YES_AGGRESSIVE;
				CLANG_WARN_UNREACHABLE_CODE = YES;
				CLANG_WARN__DUPLICATE_METHOD_MATCH = YES;
				COPY_PHASE_STRIP = NO;
				DEBUG_INFORMATION_FORMAT = "dwarf-with-dsym";
				ENABLE_NS_ASSERTIONS = NO;
				ENABLE_STRICT_OBJC_MSGSEND = YES;
				GCC_C_LANGUAGE_STANDARD = gnu11;
				GCC_NO_COMMON_BLOCKS = YES;
				GCC_WARN_64_TO_32_BIT_CONVERSION = YES;
				GCC_WARN_ABOUT_RETURN_TYPE = YES_ERROR;
				GCC_WARN_UNDECLARED_SELECTOR = YES;
				GCC_WARN_UNINITIALIZED_AUTOS = YES_AGGRESSIVE;
				GCC_WARN_UNUSED_FUNCTION = YES;
				GCC_WARN_UNUSED_VARIABLE = YES;
				MTL_ENABLE_DEBUG_INFO = NO;
				MTL_FAST_MATH = YES;
				SWIFT_COMPILATION_MODE = wholemodule;
				SWIFT_OPTIMIZATION_LEVEL = "-O";
			};
			name = Release;
		};
		F00E124827B19B1500D0F7CA /* Debug */ = {
			isa = XCBuildConfiguration;
			buildSettings = {
				ASSETCATALOG_COMPILER_APPICON_NAME = AppIcon;
				ASSETCATALOG_COMPILER_GLOBAL_ACCENT_COLOR_NAME = AccentColor;
				CODE_SIGN_STYLE = Automatic;
				CURRENT_PROJECT_VERSION = 1;
				DEVELOPMENT_TEAM = A6Q2G997F3;
				ENABLE_PREVIEWS = YES;
				GENERATE_INFOPLIST_FILE = YES;
				INFOPLIST_KEY_UIApplicationSceneManifest_Generation = YES;
				INFOPLIST_KEY_UIApplicationSupportsIndirectInputEvents = YES;
				INFOPLIST_KEY_UILaunchScreen_Generation = YES;
				INFOPLIST_KEY_UISupportedInterfaceOrientations_iPad = "UIInterfaceOrientationPortrait UIInterfaceOrientationPortraitUpsideDown UIInterfaceOrientationLandscapeLeft UIInterfaceOrientationLandscapeRight";
				INFOPLIST_KEY_UISupportedInterfaceOrientations_iPhone = "UIInterfaceOrientationPortrait UIInterfaceOrientationLandscapeLeft UIInterfaceOrientationLandscapeRight";
				IPHONEOS_DEPLOYMENT_TARGET = 15.2;
				LD_RUNPATH_SEARCH_PATHS = (
					"$(inherited)",
					"@executable_path/Frameworks",
				);
				MARKETING_VERSION = 1.0;
				PRODUCT_BUNDLE_IDENTIFIER = com.test.mm.BarChart;
				PRODUCT_NAME = BarChart;
				SDKROOT = iphoneos;
				SWIFT_EMIT_LOC_STRINGS = YES;
				SWIFT_VERSION = 5.0;
				TARGETED_DEVICE_FAMILY = "1,2";
			};
			name = Debug;
		};
		F00E124927B19B1500D0F7CA /* Release */ = {
			isa = XCBuildConfiguration;
			buildSettings = {
				ASSETCATALOG_COMPILER_APPICON_NAME = AppIcon;
				ASSETCATALOG_COMPILER_GLOBAL_ACCENT_COLOR_NAME = AccentColor;
				CODE_SIGN_STYLE = Automatic;
				CURRENT_PROJECT_VERSION = 1;
				DEVELOPMENT_TEAM = A6Q2G997F3;
				ENABLE_PREVIEWS = YES;
				GENERATE_INFOPLIST_FILE = YES;
				INFOPLIST_KEY_UIApplicationSceneManifest_Generation = YES;
				INFOPLIST_KEY_UIApplicationSupportsIndirectInputEvents = YES;
				INFOPLIST_KEY_UILaunchScreen_Generation = YES;
				INFOPLIST_KEY_UISupportedInterfaceOrientations_iPad = "UIInterfaceOrientationPortrait UIInterfaceOrientationPortraitUpsideDown UIInterfaceOrientationLandscapeLeft UIInterfaceOrientationLandscapeRight";
				INFOPLIST_KEY_UISupportedInterfaceOrientations_iPhone = "UIInterfaceOrientationPortrait UIInterfaceOrientationLandscapeLeft UIInterfaceOrientationLandscapeRight";
				IPHONEOS_DEPLOYMENT_TARGET = 15.2;
				LD_RUNPATH_SEARCH_PATHS = (
					"$(inherited)",
					"@executable_path/Frameworks",
				);
				MARKETING_VERSION = 1.0;
				PRODUCT_BUNDLE_IDENTIFIER = com.test.mm.BarChart;
				PRODUCT_NAME = BarChart;
				SDKROOT = iphoneos;
				SWIFT_EMIT_LOC_STRINGS = YES;
				SWIFT_VERSION = 5.0;
				TARGETED_DEVICE_FAMILY = "1,2";
				VALIDATE_PRODUCT = YES;
			};
			name = Release;
		};
		F00E124B27B19B1500D0F7CA /* Debug */ = {
			isa = XCBuildConfiguration;
			buildSettings = {
				ASSETCATALOG_COMPILER_APPICON_NAME = AppIcon;
				ASSETCATALOG_COMPILER_GLOBAL_ACCENT_COLOR_NAME = AccentColor;
				CODE_SIGN_ENTITLEMENTS = macOS/macOS.entitlements;
				CODE_SIGN_STYLE = Automatic;
				COMBINE_HIDPI_IMAGES = YES;
				CURRENT_PROJECT_VERSION = 1;
				DEVELOPMENT_TEAM = A6Q2G997F3;
				ENABLE_HARDENED_RUNTIME = YES;
				ENABLE_PREVIEWS = YES;
				GENERATE_INFOPLIST_FILE = YES;
				INFOPLIST_KEY_NSHumanReadableCopyright = "";
				LD_RUNPATH_SEARCH_PATHS = (
					"$(inherited)",
					"@executable_path/../Frameworks",
				);
				MACOSX_DEPLOYMENT_TARGET = 11.6;
				MARKETING_VERSION = 1.0;
				PRODUCT_BUNDLE_IDENTIFIER = com.test.mm.BarChart;
				PRODUCT_NAME = BarChart;
				SDKROOT = macosx;
				SWIFT_EMIT_LOC_STRINGS = YES;
				SWIFT_VERSION = 5.0;
			};
			name = Debug;
		};
		F00E124C27B19B1500D0F7CA /* Release */ = {
			isa = XCBuildConfiguration;
			buildSettings = {
				ASSETCATALOG_COMPILER_APPICON_NAME = AppIcon;
				ASSETCATALOG_COMPILER_GLOBAL_ACCENT_COLOR_NAME = AccentColor;
				CODE_SIGN_ENTITLEMENTS = macOS/macOS.entitlements;
				CODE_SIGN_STYLE = Automatic;
				COMBINE_HIDPI_IMAGES = YES;
				CURRENT_PROJECT_VERSION = 1;
				DEVELOPMENT_TEAM = A6Q2G997F3;
				ENABLE_HARDENED_RUNTIME = YES;
				ENABLE_PREVIEWS = YES;
				GENERATE_INFOPLIST_FILE = YES;
				INFOPLIST_KEY_NSHumanReadableCopyright = "";
				LD_RUNPATH_SEARCH_PATHS = (
					"$(inherited)",
					"@executable_path/../Frameworks",
				);
				MACOSX_DEPLOYMENT_TARGET = 11.6;
				MARKETING_VERSION = 1.0;
				PRODUCT_BUNDLE_IDENTIFIER = com.test.mm.BarChart;
				PRODUCT_NAME = BarChart;
				SDKROOT = macosx;
				SWIFT_EMIT_LOC_STRINGS = YES;
				SWIFT_VERSION = 5.0;
			};
			name = Release;
		};
		F00E124E27B19B1500D0F7CA /* Debug */ = {
			isa = XCBuildConfiguration;
			buildSettings = {
				ALWAYS_EMBED_SWIFT_STANDARD_LIBRARIES = YES;
				CODE_SIGN_STYLE = Automatic;
				CURRENT_PROJECT_VERSION = 1;
				DEVELOPMENT_TEAM = A6Q2G997F3;
				GENERATE_INFOPLIST_FILE = YES;
				IPHONEOS_DEPLOYMENT_TARGET = 15.2;
				MARKETING_VERSION = 1.0;
				PRODUCT_BUNDLE_IDENTIFIER = "com.test.mm.Tests-iOS";
				PRODUCT_NAME = "$(TARGET_NAME)";
				SDKROOT = iphoneos;
				SWIFT_EMIT_LOC_STRINGS = NO;
				SWIFT_VERSION = 5.0;
				TARGETED_DEVICE_FAMILY = "1,2";
				TEST_TARGET_NAME = "BarChart (iOS)";
			};
			name = Debug;
		};
		F00E124F27B19B1500D0F7CA /* Release */ = {
			isa = XCBuildConfiguration;
			buildSettings = {
				ALWAYS_EMBED_SWIFT_STANDARD_LIBRARIES = YES;
				CODE_SIGN_STYLE = Automatic;
				CURRENT_PROJECT_VERSION = 1;
				DEVELOPMENT_TEAM = A6Q2G997F3;
				GENERATE_INFOPLIST_FILE = YES;
				IPHONEOS_DEPLOYMENT_TARGET = 15.2;
				MARKETING_VERSION = 1.0;
				PRODUCT_BUNDLE_IDENTIFIER = "com.test.mm.Tests-iOS";
				PRODUCT_NAME = "$(TARGET_NAME)";
				SDKROOT = iphoneos;
				SWIFT_EMIT_LOC_STRINGS = NO;
				SWIFT_VERSION = 5.0;
				TARGETED_DEVICE_FAMILY = "1,2";
				TEST_TARGET_NAME = "BarChart (iOS)";
				VALIDATE_PRODUCT = YES;
			};
			name = Release;
		};
		F00E125127B19B1500D0F7CA /* Debug */ = {
			isa = XCBuildConfiguration;
			buildSettings = {
				ALWAYS_EMBED_SWIFT_STANDARD_LIBRARIES = YES;
				CODE_SIGN_STYLE = Automatic;
				CURRENT_PROJECT_VERSION = 1;
				DEVELOPMENT_TEAM = A6Q2G997F3;
				GENERATE_INFOPLIST_FILE = YES;
				MACOSX_DEPLOYMENT_TARGET = 11.6;
				MARKETING_VERSION = 1.0;
				PRODUCT_BUNDLE_IDENTIFIER = "com.test.mm.Tests-macOS";
				PRODUCT_NAME = "$(TARGET_NAME)";
				SDKROOT = macosx;
				SWIFT_EMIT_LOC_STRINGS = NO;
				SWIFT_VERSION = 5.0;
				TEST_TARGET_NAME = "BarChart (macOS)";
			};
			name = Debug;
		};
		F00E125227B19B1500D0F7CA /* Release */ = {
			isa = XCBuildConfiguration;
			buildSettings = {
				ALWAYS_EMBED_SWIFT_STANDARD_LIBRARIES = YES;
				CODE_SIGN_STYLE = Automatic;
				CURRENT_PROJECT_VERSION = 1;
				DEVELOPMENT_TEAM = A6Q2G997F3;
				GENERATE_INFOPLIST_FILE = YES;
				MACOSX_DEPLOYMENT_TARGET = 11.6;
				MARKETING_VERSION = 1.0;
				PRODUCT_BUNDLE_IDENTIFIER = "com.test.mm.Tests-macOS";
				PRODUCT_NAME = "$(TARGET_NAME)";
				SDKROOT = macosx;
				SWIFT_EMIT_LOC_STRINGS = NO;
				SWIFT_VERSION = 5.0;
				TEST_TARGET_NAME = "BarChart (macOS)";
			};
			name = Release;
		};
/* End XCBuildConfiguration section */

/* Begin XCConfigurationList section */
		F00E120E27B19B1200D0F7CA /* Build configuration list for PBXProject "BarChart" */ = {
			isa = XCConfigurationList;
			buildConfigurations = (
				F00E124527B19B1500D0F7CA /* Debug */,
				F00E124627B19B1500D0F7CA /* Release */,
			);
			defaultConfigurationIsVisible = 0;
			defaultConfigurationName = Release;
		};
		F00E124727B19B1500D0F7CA /* Build configuration list for PBXNativeTarget "BarChart (iOS)" */ = {
			isa = XCConfigurationList;
			buildConfigurations = (
				F00E124827B19B1500D0F7CA /* Debug */,
				F00E124927B19B1500D0F7CA /* Release */,
			);
			defaultConfigurationIsVisible = 0;
			defaultConfigurationName = Release;
		};
		F00E124A27B19B1500D0F7CA /* Build configuration list for PBXNativeTarget "BarChart (macOS)" */ = {
			isa = XCConfigurationList;
			buildConfigurations = (
				F00E124B27B19B1500D0F7CA /* Debug */,
				F00E124C27B19B1500D0F7CA /* Release */,
			);
			defaultConfigurationIsVisible = 0;
			defaultConfigurationName = Release;
		};
		F00E124D27B19B1500D0F7CA /* Build configuration list for PBXNativeTarget "Tests iOS" */ = {
			isa = XCConfigurationList;
			buildConfigurations = (
				F00E124E27B19B1500D0F7CA /* Debug */,
				F00E124F27B19B1500D0F7CA /* Release */,
			);
			defaultConfigurationIsVisible = 0;
			defaultConfigurationName = Release;
		};
		F00E125027B19B1500D0F7CA /* Build configuration list for PBXNativeTarget "Tests macOS" */ = {
			isa = XCConfigurationList;
			buildConfigurations = (
				F00E125127B19B1500D0F7CA /* Debug */,
				F00E125227B19B1500D0F7CA /* Release */,
			);
			defaultConfigurationIsVisible = 0;
			defaultConfigurationName = Release;
		};
/* End XCConfigurationList section */

/* Begin XCVersionGroup section */
		F00E121027B19B1200D0F7CA /* BarChart.xcdatamodeld */ = {
			isa = XCVersionGroup;
			children = (
				F00E121127B19B1200D0F7CA /* Shared.xcdatamodel */,
			);
			currentVersion = F00E121127B19B1200D0F7CA /* Shared.xcdatamodel */;
			path = BarChart.xcdatamodeld;
			sourceTree = "<group>";
			versionGroupType = wrapper.xcdatamodel;
		};
/* End XCVersionGroup section */
	};
	rootObject = F00E120B27B19B1200D0F7CA /* Project object */;
}
